
Microsoft Visual Studio Solution File, Format Version 12.00
# Visual Studio Version 17
VisualStudioVersion = 17.1.32407.343
MinimumVisualStudioVersion = 10.0.40219.1
Project("{888888A0-9F3D-457C-B088-3A5042F75D52}") = "loto", "loto.pyproj", "{473F124A-36CE-4029-98BC-0ECF4A0B0E96}"
EndProject
Global
	GlobalSection(SolutionConfigurationPlatforms) = preSolution
		Debug|Any CPU = Debug|Any CPU
		Release|Any CPU = Release|Any CPU
	EndGlobalSection
	GlobalSection(ProjectConfigurationPlatforms) = postSolution
		{473F124A-36CE-4029-98BC-0ECF4A0B0E96}.Debug|Any CPU.ActiveCfg = Debug|Any CPU
		{473F124A-36CE-4029-98BC-0ECF4A0B0E96}.Release|Any CPU.ActiveCfg = Release|Any CPU
	EndGlobalSection
	GlobalSection(SolutionProperties) = preSolution
		HideSolutionNode = FALSE
	EndGlobalSection
	GlobalSection(ExtensibilityGlobals) = postSolution
		SolutionGuid = {334ECA1D-1BBD-4BC3-9424-5F179BF45FE7}
	EndGlobalSection
EndGlobal
